
Microsoft Visual Studio Solution File, Format Version 12.00
# Visual Studio 15
VisualStudioVersion = 15.0.27004.2002
MinimumVisualStudioVersion = 10.0.40219.1
Project("{FAE04EC0-301F-11D3-BF4B-00C04F79EFBC}") = "ContosoUniversity", "ContosoUniversity\ContosoUniversity.csproj", "{12588582-C94E-46F3-876B-28A4597C100F}"
EndProject
Global
	GlobalSection(SolutionConfigurationPlatforms) = preSolution
		Debug|Any CPU = Debug|Any CPU
		Release|Any CPU = Release|Any CPU
	EndGlobalSection
	GlobalSection(ProjectConfigurationPlatforms) = postSolution
		{12588582-C94E-46F3-876B-28A4597C100F}.Debug|Any CPU.ActiveCfg = Debug|Any CPU
		{12588582-C94E-46F3-876B-28A4597C100F}.Debug|Any CPU.Build.0 = Debug|Any CPU
		{12588582-C94E-46F3-876B-28A4597C100F}.Release|Any CPU.ActiveCfg = Release|Any CPU
		{12588582-C94E-46F3-876B-28A4597C100F}.Release|Any CPU.Build.0 = Release|Any CPU
	EndGlobalSection
	GlobalSection(SolutionProperties) = preSolution
		HideSolutionNode = FALSE
	EndGlobalSection
	GlobalSection(ExtensibilityGlobals) = postSolution
		SolutionGuid = {5F47A8C5-B34D-4B51-9B48-00AC20F79084}
	EndGlobalSection
EndGlobal
